
Microsoft Visual Studio Solution File, Format Version 12.00
# Visual Studio 15
Project("{FAE04EC0-301F-11D3-BF4B-00C04F79EFBC}") = "Thenewboston", "Thenewboston\Thenewboston.csproj", "{9186182F-C886-4F54-9D84-626B0075AEA2}"
EndProject
Global
	GlobalSection(SolutionConfigurationPlatforms) = preSolution
		Debug|Any CPU = Debug|Any CPU
		Release|Any CPU = Release|Any CPU
	EndGlobalSection
	GlobalSection(ProjectConfigurationPlatforms) = postSolution
		{9186182F-C886-4F54-9D84-626B0075AEA2}.Debug|Any CPU.ActiveCfg = Debug|Any CPU
		{9186182F-C886-4F54-9D84-626B0075AEA2}.Debug|Any CPU.Build.0 = Debug|Any CPU
		{9186182F-C886-4F54-9D84-626B0075AEA2}.Release|Any CPU.ActiveCfg = Release|Any CPU
		{9186182F-C886-4F54-9D84-626B0075AEA2}.Release|Any CPU.Build.0 = Release|Any CPU
	EndGlobalSection
EndGlobal
